
Microsoft Visual Studio Solution File, Format Version 12.00
# Visual Studio Version 17
VisualStudioVersion = 17.0.31903.59
MinimumVisualStudioVersion = 10.0.40219.1
Project("{2150E333-8FDC-42A3-9474-1A3956D46DE8}") = "src", "src", "{827E0CD3-B72D-47B6-A68D-7590B98EB39B}"
EndProject
Project("{FAE04EC0-301F-11D3-BF4B-00C04F79EFBC}") = "ProtoStream", "src\ProtoStream\ProtoStream.csproj", "{8B3D6F7C-63A1-4DA7-B89A-8D0DEC0B38D6}"
EndProject
Project("{FAE04EC0-301F-11D3-BF4B-00C04F79EFBC}") = "ProtoStream.Generator", "src\ProtoStream.Generator\ProtoStream.Generator.csproj", "{99368274-8C74-4769-A985-E37899DE4ED8}"
EndProject
Project("{FAE04EC0-301F-11D3-BF4B-00C04F79EFBC}") = "ProtoStream.AspNetCore", "src\ProtoStream.AspNetCore\ProtoStream.AspNetCore.csproj", "{DA96B5BF-28D2-41C3-9A3E-37ECAC74DF1A}"
EndProject
Project("{2150E333-8FDC-42A3-9474-1A3956D46DE8}") = "tests", "tests", "{0AB3BF05-4346-4AA6-1389-037BE0695223}"
EndProject
Project("{FAE04EC0-301F-11D3-BF4B-00C04F79EFBC}") = "ProtoStream.Tests", "tests\ProtoStream.Tests\ProtoStream.Tests.csproj", "{C30611C2-2E33-49C0-8F9A-F911A5A2E8F7}"
EndProject
Project("{2150E333-8FDC-42A3-9474-1A3956D46DE8}") = "examples", "examples", "{B36A84DF-456D-A817-6EDD-3EC3E7F6E11F}"
EndProject
Project("{FAE04EC0-301F-11D3-BF4B-00C04F79EFBC}") = "ProtoStream.Example.Contracts", "examples\ProtoStream.Example.Contracts\ProtoStream.Example.Contracts.csproj", "{36D44822-BD05-4166-949E-CD5F80340BAF}"
EndProject
Project("{FAE04EC0-301F-11D3-BF4B-00C04F79EFBC}") = "ProtoStream.Example.Server", "examples\ProtoStream.Example.Server\ProtoStream.Example.Server.csproj", "{E54550C7-48D2-4D8F-8D55-AF77AF5BF43D}"
EndProject
Project("{FAE04EC0-301F-11D3-BF4B-00C04F79EFBC}") = "ProtoStream.Example.Client", "examples\ProtoStream.Example.Client\ProtoStream.Example.Client.csproj", "{61426B8F-4B50-473F-AEF5-11E6D03B308A}"
EndProject
Global
	GlobalSection(SolutionConfigurationPlatforms) = preSolution
		Debug|Any CPU = Debug|Any CPU
		Debug|x64 = Debug|x64
		Debug|x86 = Debug|x86
		Release|Any CPU = Release|Any CPU
		Release|x64 = Release|x64
		Release|x86 = Release|x86
	EndGlobalSection
	GlobalSection(ProjectConfigurationPlatforms) = postSolution
		{8B3D6F7C-63A1-4DA7-B89A-8D0DEC0B38D6}.Debug|Any CPU.ActiveCfg = Debug|Any CPU
		{8B3D6F7C-63A1-4DA7-B89A-8D0DEC0B38D6}.Debug|Any CPU.Build.0 = Debug|Any CPU
		{8B3D6F7C-63A1-4DA7-B89A-8D0DEC0B38D6}.Debug|x64.ActiveCfg = Debug|Any CPU
		{8B3D6F7C-63A1-4DA7-B89A-8D0DEC0B38D6}.Debug|x64.Build.0 = Debug|Any CPU
		{8B3D6F7C-63A1-4DA7-B89A-8D0DEC0B38D6}.Debug|x86.ActiveCfg = Debug|Any CPU
		{8B3D6F7C-63A1-4DA7-B89A-8D0DEC0B38D6}.Debug|x86.Build.0 = Debug|Any CPU
		{8B3D6F7C-63A1-4DA7-B89A-8D0DEC0B38D6}.Release|Any CPU.ActiveCfg = Release|Any CPU
		{8B3D6F7C-63A1-4DA7-B89A-8D0DEC0B38D6}.Release|Any CPU.Build.0 = Release|Any CPU
		{8B3D6F7C-63A1-4DA7-B89A-8D0DEC0B38D6}.Release|x64.ActiveCfg = Release|Any CPU
		{8B3D6F7C-63A1-4DA7-B89A-8D0DEC0B38D6}.Release|x64.Build.0 = Release|Any CPU
		{8B3D6F7C-63A1-4DA7-B89A-8D0DEC0B38D6}.Release|x86.ActiveCfg = Release|Any CPU
		{8B3D6F7C-63A1-4DA7-B89A-8D0DEC0B38D6}.Release|x86.Build.0 = Release|Any CPU
		{99368274-8C74-4769-A985-E37899DE4ED8}.Debug|Any CPU.ActiveCfg = Debug|Any CPU
		{99368274-8C74-4769-A985-E37899DE4ED8}.Debug|Any CPU.Build.0 = Debug|Any CPU
		{99368274-8C74-4769-A985-E37899DE4ED8}.Debug|x64.ActiveCfg = Debug|Any CPU
		{99368274-8C74-4769-A985-E37899DE4ED8}.Debug|x64.Build.0 = Debug|Any CPU
		{99368274-8C74-4769-A985-E37899DE4ED8}.Debug|x86.ActiveCfg = Debug|Any CPU
		{99368274-8C74-4769-A985-E37899DE4ED8}.Debug|x86.Build.0 = Debug|Any CPU
		{99368274-8C74-4769-A985-E37899DE4ED8}.Release|Any CPU.ActiveCfg = Release|Any CPU
		{99368274-8C74-4769-A985-E37899DE4ED8}.Release|Any CPU.Build.0 = Release|Any CPU
		{99368274-8C74-4769-A985-E37899DE4ED8}.Release|x64.ActiveCfg = Release|Any CPU
		{99368274-8C74-4769-A985-E37899DE4ED8}.Release|x64.Build.0 = Release|Any CPU
		{99368274-8C74-4769-A985-E37899DE4ED8}.Release|x86.ActiveCfg = Release|Any CPU
		{99368274-8C74-4769-A985-E37899DE4ED8}.Release|x86.Build.0 = Release|Any CPU
		{DA96B5BF-28D2-41C3-9A3E-37ECAC74DF1A}.Debug|Any CPU.ActiveCfg = Debug|Any CPU
		{DA96B5BF-28D2-41C3-9A3E-37ECAC74DF1A}.Debug|Any CPU.Build.0 = Debug|Any CPU
		{DA96B5BF-28D2-41C3-9A3E-37ECAC74DF1A}.Debug|x64.ActiveCfg = Debug|Any CPU
		{DA96B5BF-28D2-41C3-9A3E-37ECAC74DF1A}.Debug|x64.Build.0 = Debug|Any CPU
		{DA96B5BF-28D2-41C3-9A3E-37ECAC74DF1A}.Debug|x86.ActiveCfg = Debug|Any CPU
		{DA96B5BF-28D2-41C3-9A3E-37ECAC74DF1A}.Debug|x86.Build.0 = Debug|Any CPU
		{DA96B5BF-28D2-41C3-9A3E-37ECAC74DF1A}.Release|Any CPU.ActiveCfg = Release|Any CPU
		{DA96B5BF-28D2-41C3-9A3E-37ECAC74DF1A}.Release|Any CPU.Build.0 = Release|Any CPU
		{DA96B5BF-28D2-41C3-9A3E-37ECAC74DF1A}.Release|x64.ActiveCfg = Release|Any CPU
		{DA96B5BF-28D2-41C3-9A3E-37ECAC74DF1A}.Release|x64.Build.0 = Release|Any CPU
		{DA96B5BF-28D2-41C3-9A3E-37ECAC74DF1A}.Release|x86.ActiveCfg = Release|Any CPU
		{DA96B5BF-28D2-41C3-9A3E-37ECAC74DF1A}.Release|x86.Build.0 = Release|Any CPU
		{C30611C2-2E33-49C0-8F9A-F911A5A2E8F7}.Debug|Any CPU.ActiveCfg = Debug|Any CPU
		{C30611C2-2E33-49C0-8F9A-F911A5A2E8F7}.Debug|Any CPU.Build.0 = Debug|Any CPU
		{C30611C2-2E33-49C0-8F9A-F911A5A2E8F7}.Debug|x64.ActiveCfg = Debug|Any CPU
		{C30611C2-2E33-49C0-8F9A-F911A5A2E8F7}.Debug|x64.Build.0 = Debug|Any CPU
		{C30611C2-2E33-49C0-8F9A-F911A5A2E8F7}.Debug|x86.ActiveCfg = Debug|Any CPU
		{C30611C2-2E33-49C0-8F9A-F911A5A2E8F7}.Debug|x86.Build.0 = Debug|Any CPU
		{C30611C2-2E33-49C0-8F9A-F911A5A2E8F7}.Release|Any CPU.ActiveCfg = Release|Any CPU
		{C30611C2-2E33-49C0-8F9A-F911A5A2E8F7}.Release|Any CPU.Build.0 = Release|Any CPU
		{C30611C2-2E33-49C0-8F9A-F911A5A2E8F7}.Release|x64.ActiveCfg = Release|Any CPU
		{C30611C2-2E33-49C0-8F9A-F911A5A2E8F7}.Release|x64.Build.0 = Release|Any CPU
		{C30611C2-2E33-49C0-8F9A-F911A5A2E8F7}.Release|x86.ActiveCfg = Release|Any CPU
		{C30611C2-2E33-49C0-8F9A-F911A5A2E8F7}.Release|x86.Build.0 = Release|Any CPU
		{36D44822-BD05-4166-949E-CD5F80340BAF}.Debug|Any CPU.ActiveCfg = Debug|Any CPU
		{36D44822-BD05-4166-949E-CD5F80340BAF}.Debug|Any CPU.Build.0 = Debug|Any CPU
		{36D44822-BD05-4166-949E-CD5F80340BAF}.Debug|x64.ActiveCfg = Debug|Any CPU
		{36D44822-BD05-4166-949E-CD5F80340BAF}.Debug|x64.Build.0 = Debug|Any CPU
		{36D44822-BD05-4166-949E-CD5F80340BAF}.Debug|x86.ActiveCfg = Debug|Any CPU
		{36D44822-BD05-4166-949E-CD5F80340BAF}.Debug|x86.Build.0 = Debug|Any CPU
		{36D44822-BD05-4166-949E-CD5F80340BAF}.Release|Any CPU.ActiveCfg = Release|Any CPU
		{36D44822-BD05-4166-949E-CD5F80340BAF}.Release|Any CPU.Build.0 = Release|Any CPU
		{36D44822-BD05-4166-949E-CD5F80340BAF}.Release|x64.ActiveCfg = Release|Any CPU
		{36D44822-BD05-4166-949E-CD5F80340BAF}.Release|x64.Build.0 = Release|Any CPU
		{36D44822-BD05-4166-949E-CD5F80340BAF}.Release|x86.ActiveCfg = Release|Any CPU
		{36D44822-BD05-4166-949E-CD5F80340BAF}.Release|x86.Build.0 = Release|Any CPU
		{E54550C7-48D2-4D8F-8D55-AF77AF5BF43D}.Debug|Any CPU.ActiveCfg = Debug|Any CPU
		{E54550C7-48D2-4D8F-8D55-AF77AF5BF43D}.Debug|Any CPU.Build.0 = Debug|Any CPU
		{E54550C7-48D2-4D8F-8D55-AF77AF5BF43D}.Debug|x64.ActiveCfg = Debug|Any CPU
		{E54550C7-48D2-4D8F-8D55-AF77AF5BF43D}.Debug|x64.Build.0 = Debug|Any CPU
		{E54550C7-48D2-4D8F-8D55-AF77AF5BF43D}.Debug|x86.ActiveCfg = Debug|Any CPU
		{E54550C7-48D2-4D8F-8D55-AF77AF5BF43D}.Debug|x86.Build.0 = Debug|Any CPU
		{E54550C7-48D2-4D8F-8D55-AF77AF5BF43D}.Release|Any CPU.ActiveCfg = Release|Any CPU
		{E54550C7-48D2-4D8F-8D55-AF77AF5BF43D}.Release|Any CPU.Build.0 = Release|Any CPU
		{E54550C7-48D2-4D8F-8D55-AF77AF5BF43D}.Release|x64.ActiveCfg = Release|Any CPU
		{E54550C7-48D2-4D8F-8D55-AF77AF5BF43D}.Release|x64.Build.0 = Release|Any CPU
		{E54550C7-48D2-4D8F-8D55-AF77AF5BF43D}.Release|x86.ActiveCfg = Release|Any CPU
		{E54550C7-48D2-4D8F-8D55-AF77AF5BF43D}.Release|x86.Build.0 = Release|Any CPU
		{61426B8F-4B50-473F-AEF5-11E6D03B308A}.Debug|Any CPU.ActiveCfg = Debug|Any CPU
		{61426B8F-4B50-473F-AEF5-11E6D03B308A}.Debug|Any CPU.Build.0 = Debug|Any CPU
		{61426B8F-4B50-473F-AEF5-11E6D03B308A}.Debug|x64.ActiveCfg = Debug|Any CPU
		{61426B8F-4B50-473F-AEF5-11E6D03B308A}.Debug|x64.Build.0 = Debug|Any CPU
		{61426B8F-4B50-473F-AEF5-11E6D03B308A}.Debug|x86.ActiveCfg = Debug|Any CPU
		{61426B8F-4B50-473F-AEF5-11E6D03B308A}.Debug|x86.Build.0 = Debug|Any CPU
		{61426B8F-4B50-473F-AEF5-11E6D03B308A}.Release|Any CPU.ActiveCfg = Release|Any CPU
		{61426B8F-4B50-473F-AEF5-11E6D03B308A}.Release|Any CPU.Build.0 = Release|Any CPU
		{61426B8F-4B50-473F-AEF5-11E6D03B308A}.Release|x64.ActiveCfg = Release|Any CPU
		{61426B8F-4B50-473F-AEF5-11E6D03B308A}.Release|x64.Build.0 = Release|Any CPU
		{61426B8F-4B50-473F-AEF5-11E6D03B308A}.Release|x86.ActiveCfg = Release|Any CPU
		{61426B8F-4B50-473F-AEF5-11E6D03B308A}.Release|x86.Build.0 = Release|Any CPU
	EndGlobalSection
	GlobalSection(SolutionProperties) = preSolution
		HideSolutionNode = FALSE
	EndGlobalSection
	GlobalSection(NestedProjects) = preSolution
		{8B3D6F7C-63A1-4DA7-B89A-8D0DEC0B38D6} = {827E0CD3-B72D-47B6-A68D-7590B98EB39B}
		{99368274-8C74-4769-A985-E37899DE4ED8} = {827E0CD3-B72D-47B6-A68D-7590B98EB39B}
		{DA96B5BF-28D2-41C3-9A3E-37ECAC74DF1A} = {827E0CD3-B72D-47B6-A68D-7590B98EB39B}
		{C30611C2-2E33-49C0-8F9A-F911A5A2E8F7} = {0AB3BF05-4346-4AA6-1389-037BE0695223}
		{36D44822-BD05-4166-949E-CD5F80340BAF} = {B36A84DF-456D-A817-6EDD-3EC3E7F6E11F}
		{E54550C7-48D2-4D8F-8D55-AF77AF5BF43D} = {B36A84DF-456D-A817-6EDD-3EC3E7F6E11F}
		{61426B8F-4B50-473F-AEF5-11E6D03B308A} = {B36A84DF-456D-A817-6EDD-3EC3E7F6E11F}
	EndGlobalSection
EndGlobal
